
Microsoft Visual Studio Solution File, Format Version 12.00
# Visual Studio Version 17
VisualStudioVersion = 17.11.35312.102
MinimumVisualStudioVersion = 10.0.40219.1
Project("{FAE04EC0-301F-11D3-BF4B-00C04F79EFBC}") = "Api.Gateway", "Api.Gateway\Api.Gateway.csproj", "{A2261EB6-B58F-45A0-B6C9-A6770B996FCE}"
EndProject
Global
	GlobalSection(SolutionConfigurationPlatforms) = preSolution
		Debug|Any CPU = Debug|Any CPU
		Release|Any CPU = Release|Any CPU
	EndGlobalSection
	GlobalSection(ProjectConfigurationPlatforms) = postSolution
		{A2261EB6-B58F-45A0-B6C9-A6770B996FCE}.Debug|Any CPU.ActiveCfg = Debug|Any CPU
		{A2261EB6-B58F-45A0-B6C9-A6770B996FCE}.Debug|Any CPU.Build.0 = Debug|Any CPU
		{A2261EB6-B58F-45A0-B6C9-A6770B996FCE}.Release|Any CPU.ActiveCfg = Release|Any CPU
		{A2261EB6-B58F-45A0-B6C9-A6770B996FCE}.Release|Any CPU.Build.0 = Release|Any CPU
	EndGlobalSection
	GlobalSection(SolutionProperties) = preSolution
		HideSolutionNode = FALSE
	EndGlobalSection
	GlobalSection(ExtensibilityGlobals) = postSolution
		SolutionGuid = {63BD2966-BBB9-409A-A6CF-A41782E62104}
	EndGlobalSection
EndGlobal
